
Microsoft Visual Studio Solution File, Format Version 12.00
# Visual Studio Version 17
VisualStudioVersion = 17.2.32526.322
MinimumVisualStudioVersion = 10.0.40219.1
Project("{9A19103F-16F7-4668-BE54-9A1E7A4F7556}") = "AutomobileLirary", "AutomobileLirary\AutomobileLirary.csproj", "{98A186CE-8702-4BF2-B5C8-6A6F462774BF}"
EndProject
Project("{9A19103F-16F7-4668-BE54-9A1E7A4F7556}") = "AutomobileWinApp", "AutomobileWinApp\AutomobileWinApp.csproj", "{98A43953-FC97-4C11-8C28-983CB6AD8919}"
EndProject
Global
	GlobalSection(SolutionConfigurationPlatforms) = preSolution
		Debug|Any CPU = Debug|Any CPU
		Release|Any CPU = Release|Any CPU
	EndGlobalSection
	GlobalSection(ProjectConfigurationPlatforms) = postSolution
		{98A186CE-8702-4BF2-B5C8-6A6F462774BF}.Debug|Any CPU.ActiveCfg = Debug|Any CPU
		{98A186CE-8702-4BF2-B5C8-6A6F462774BF}.Debug|Any CPU.Build.0 = Debug|Any CPU
		{98A186CE-8702-4BF2-B5C8-6A6F462774BF}.Release|Any CPU.ActiveCfg = Release|Any CPU
		{98A186CE-8702-4BF2-B5C8-6A6F462774BF}.Release|Any CPU.Build.0 = Release|Any CPU
		{98A43953-FC97-4C11-8C28-983CB6AD8919}.Debug|Any CPU.ActiveCfg = Debug|Any CPU
		{98A43953-FC97-4C11-8C28-983CB6AD8919}.Debug|Any CPU.Build.0 = Debug|Any CPU
		{98A43953-FC97-4C11-8C28-983CB6AD8919}.Release|Any CPU.ActiveCfg = Release|Any CPU
		{98A43953-FC97-4C11-8C28-983CB6AD8919}.Release|Any CPU.Build.0 = Release|Any CPU
	EndGlobalSection
	GlobalSection(SolutionProperties) = preSolution
		HideSolutionNode = FALSE
	EndGlobalSection
	GlobalSection(ExtensibilityGlobals) = postSolution
		SolutionGuid = {CFD20B39-CCC9-43CA-AC98-39206DAC1E54}
	EndGlobalSection
EndGlobal
